
Microsoft Visual Studio Solution File, Format Version 12.00
# Visual Studio Version 16
VisualStudioVersion = 16.0.30907.101
MinimumVisualStudioVersion = 10.0.40219.1
Project("{9A19103F-16F7-4668-BE54-9A1E7A4F7556}") = "Business", "Business\Business.csproj", "{98AF19FC-77CE-4C4A-8EA0-1A67BBA2751B}"
EndProject
Project("{9A19103F-16F7-4668-BE54-9A1E7A4F7556}") = "DataAccess", "DataAccess\DataAccess.csproj", "{6B26ECAE-E2ED-4A0A-88FF-0E300CF30B36}"
EndProject
Project("{9A19103F-16F7-4668-BE54-9A1E7A4F7556}") = "Entities", "Entities\Entities.csproj", "{5E419E4F-99D1-47D6-B99D-A55B83B1CA47}"
EndProject
Project("{9A19103F-16F7-4668-BE54-9A1E7A4F7556}") = "ConsoleUI", "ConsoleUI\ConsoleUI.csproj", "{5B1C290A-951A-4E16-B320-37B3939686C1}"
EndProject
Project("{9A19103F-16F7-4668-BE54-9A1E7A4F7556}") = "Core", "Core\Core.csproj", "{0749DD5E-80F8-4EE2-AA9A-1F8E0EE92BD9}"
EndProject
Project("{FAE04EC0-301F-11D3-BF4B-00C04F79EFBC}") = "WebAPI", "WebAPI\WebAPI.csproj", "{A1637A09-256A-47E8-8881-D68BA23A1170}"
EndProject
Global
	GlobalSection(SolutionConfigurationPlatforms) = preSolution
		Debug|Any CPU = Debug|Any CPU
		Release|Any CPU = Release|Any CPU
	EndGlobalSection
	GlobalSection(ProjectConfigurationPlatforms) = postSolution
		{98AF19FC-77CE-4C4A-8EA0-1A67BBA2751B}.Debug|Any CPU.ActiveCfg = Debug|Any CPU
		{98AF19FC-77CE-4C4A-8EA0-1A67BBA2751B}.Debug|Any CPU.Build.0 = Debug|Any CPU
		{98AF19FC-77CE-4C4A-8EA0-1A67BBA2751B}.Release|Any CPU.ActiveCfg = Release|Any CPU
		{98AF19FC-77CE-4C4A-8EA0-1A67BBA2751B}.Release|Any CPU.Build.0 = Release|Any CPU
		{6B26ECAE-E2ED-4A0A-88FF-0E300CF30B36}.Debug|Any CPU.ActiveCfg = Debug|Any CPU
		{6B26ECAE-E2ED-4A0A-88FF-0E300CF30B36}.Debug|Any CPU.Build.0 = Debug|Any CPU
		{6B26ECAE-E2ED-4A0A-88FF-0E300CF30B36}.Release|Any CPU.ActiveCfg = Release|Any CPU
		{6B26ECAE-E2ED-4A0A-88FF-0E300CF30B36}.Release|Any CPU.Build.0 = Release|Any CPU
		{5E419E4F-99D1-47D6-B99D-A55B83B1CA47}.Debug|Any CPU.ActiveCfg = Debug|Any CPU
		{5E419E4F-99D1-47D6-B99D-A55B83B1CA47}.Debug|Any CPU.Build.0 = Debug|Any CPU
		{5E419E4F-99D1-47D6-B99D-A55B83B1CA47}.Release|Any CPU.ActiveCfg = Release|Any CPU
		{5E419E4F-99D1-47D6-B99D-A55B83B1CA47}.Release|Any CPU.Build.0 = Release|Any CPU
		{5B1C290A-951A-4E16-B320-37B3939686C1}.Debug|Any CPU.ActiveCfg = Debug|Any CPU
		{5B1C290A-951A-4E16-B320-37B3939686C1}.Debug|Any CPU.Build.0 = Debug|Any CPU
		{5B1C290A-951A-4E16-B320-37B3939686C1}.Release|Any CPU.ActiveCfg = Release|Any CPU
		{5B1C290A-951A-4E16-B320-37B3939686C1}.Release|Any CPU.Build.0 = Release|Any CPU
		{0749DD5E-80F8-4EE2-AA9A-1F8E0EE92BD9}.Debug|Any CPU.ActiveCfg = Debug|Any CPU
		{0749DD5E-80F8-4EE2-AA9A-1F8E0EE92BD9}.Debug|Any CPU.Build.0 = Debug|Any CPU
		{0749DD5E-80F8-4EE2-AA9A-1F8E0EE92BD9}.Release|Any CPU.ActiveCfg = Release|Any CPU
		{0749DD5E-80F8-4EE2-AA9A-1F8E0EE92BD9}.Release|Any CPU.Build.0 = Release|Any CPU
		{A1637A09-256A-47E8-8881-D68BA23A1170}.Debug|Any CPU.ActiveCfg = Debug|Any CPU
		{A1637A09-256A-47E8-8881-D68BA23A1170}.Debug|Any CPU.Build.0 = Debug|Any CPU
		{A1637A09-256A-47E8-8881-D68BA23A1170}.Release|Any CPU.ActiveCfg = Release|Any CPU
		{A1637A09-256A-47E8-8881-D68BA23A1170}.Release|Any CPU.Build.0 = Release|Any CPU
	EndGlobalSection
	GlobalSection(SolutionProperties) = preSolution
		HideSolutionNode = FALSE
	EndGlobalSection
	GlobalSection(ExtensibilityGlobals) = postSolution
		SolutionGuid = {E31F0F37-C076-4A9A-83C5-EF7CC5C0F53A}
	EndGlobalSection
EndGlobal
